Microsoft Visual Studio Solution File, Format Version 12.00
# Visual Studio Version 17
VisualStudioVersion = 17.5.2.0
MinimumVisualStudioVersion = 10.0.40219.1
Project("{FAE04EC0-301F-11D3-BF4B-00C04F79EFBC}") = "EnvironmentManager", "EnvironmentManager.csproj", "{0AF50138-9FE5-4D01-1CCA-EFD96A3C736C}"
EndProject
Global
	GlobalSection(SolutionConfigurationPlatforms) = preSolution
		Debug|Any CPU = Debug|Any CPU
		Release|Any CPU = Release|Any CPU
	EndGlobalSection
	GlobalSection(ProjectConfigurationPlatforms) = postSolution
		{0AF50138-9FE5-4D01-1CCA-EFD96A3C736C}.Debug|Any CPU.ActiveCfg = Debug|Any CPU
		{0AF50138-9FE5-4D01-1CCA-EFD96A3C736C}.Debug|Any CPU.Build.0 = Debug|Any CPU
		{0AF50138-9FE5-4D01-1CCA-EFD96A3C736C}.Release|Any CPU.ActiveCfg = Release|Any CPU
		{0AF50138-9FE5-4D01-1CCA-EFD96A3C736C}.Release|Any CPU.Build.0 = Release|Any CPU
	EndGlobalSection
	GlobalSection(SolutionProperties) = preSolution
		HideSolutionNode = FALSE
	EndGlobalSection
	GlobalSection(ExtensibilityGlobals) = postSolution
		SolutionGuid = {16AAC995-0429-41C3-B32D-0A8B6A57A394}
	EndGlobalSection
EndGlobal
